
Microsoft Visual Studio Solution File, Format Version 12.00
# Visual Studio 14
VisualStudioVersion = 14.0.25420.1
MinimumVisualStudioVersion = 10.0.40219.1
Project("{8BC9CEB8-8B4A-11D0-8D11-00A0C91BC942}") = "ComputerGgraphics", "ComputerGgraphics\ComputerGgraphics.vcxproj", "{40083855-5CE4-480B-A940-0565FC6D936C}"
EndProject
Project("{8BC9CEB8-8B4A-11D0-8D11-00A0C91BC942}") = "Line", "Line\Line.vcxproj", "{10E75C50-9790-45E8-B744-BDE8595204A2}"
EndProject
Project("{8BC9CEB8-8B4A-11D0-8D11-00A0C91BC942}") = "Exp1", "Exp1\Exp1.vcxproj", "{51AB36E2-3D5B-4206-BB96-8B2EBF410091}"
EndProject
Project("{8BC9CEB8-8B4A-11D0-8D11-00A0C91BC942}") = "Exp2", "Exp2\Exp2.vcxproj", "{C2F30B9B-57DB-41EA-861F-FD0A4BCF4FEF}"
EndProject
Project("{8BC9CEB8-8B4A-11D0-8D11-00A0C91BC942}") = "Exp3", "Exp3\Exp3.vcxproj", "{8DAC318A-C980-45ED-BA31-44622ED38565}"
EndProject
Project("{8BC9CEB8-8B4A-11D0-8D11-00A0C91BC942}") = "Exp4", "Exp4\Exp4.vcxproj", "{043B52D9-71CD-47FD-82F4-0A314EE00736}"
EndProject
Global
	GlobalSection(SolutionConfigurationPlatforms) = preSolution
		Debug|x64 = Debug|x64
		Debug|x86 = Debug|x86
		Release|x64 = Release|x64
		Release|x86 = Release|x86
	EndGlobalSection
	GlobalSection(ProjectConfigurationPlatforms) = postSolution
		{40083855-5CE4-480B-A940-0565FC6D936C}.Debug|x64.ActiveCfg = Debug|x64
		{40083855-5CE4-480B-A940-0565FC6D936C}.Debug|x64.Build.0 = Debug|x64
		{40083855-5CE4-480B-A940-0565FC6D936C}.Debug|x86.ActiveCfg = Debug|Win32
		{40083855-5CE4-480B-A940-0565FC6D936C}.Debug|x86.Build.0 = Debug|Win32
		{40083855-5CE4-480B-A940-0565FC6D936C}.Release|x64.ActiveCfg = Release|x64
		{40083855-5CE4-480B-A940-0565FC6D936C}.Release|x64.Build.0 = Release|x64
		{40083855-5CE4-480B-A940-0565FC6D936C}.Release|x86.ActiveCfg = Release|Win32
		{40083855-5CE4-480B-A940-0565FC6D936C}.Release|x86.Build.0 = Release|Win32
		{10E75C50-9790-45E8-B744-BDE8595204A2}.Debug|x64.ActiveCfg = Debug|x64
		{10E75C50-9790-45E8-B744-BDE8595204A2}.Debug|x64.Build.0 = Debug|x64
		{10E75C50-9790-45E8-B744-BDE8595204A2}.Debug|x86.ActiveCfg = Debug|Win32
		{10E75C50-9790-45E8-B744-BDE8595204A2}.Debug|x86.Build.0 = Debug|Win32
		{10E75C50-9790-45E8-B744-BDE8595204A2}.Release|x64.ActiveCfg = Release|x64
		{10E75C50-9790-45E8-B744-BDE8595204A2}.Release|x64.Build.0 = Release|x64
		{10E75C50-9790-45E8-B744-BDE8595204A2}.Release|x86.ActiveCfg = Release|Win32
		{10E75C50-9790-45E8-B744-BDE8595204A2}.Release|x86.Build.0 = Release|Win32
		{51AB36E2-3D5B-4206-BB96-8B2EBF410091}.Debug|x64.ActiveCfg = Debug|x64
		{51AB36E2-3D5B-4206-BB96-8B2EBF410091}.Debug|x64.Build.0 = Debug|x64
		{51AB36E2-3D5B-4206-BB96-8B2EBF410091}.Debug|x86.ActiveCfg = Debug|Win32
		{51AB36E2-3D5B-4206-BB96-8B2EBF410091}.Debug|x86.Build.0 = Debug|Win32
		{51AB36E2-3D5B-4206-BB96-8B2EBF410091}.Release|x64.ActiveCfg = Release|x64
		{51AB36E2-3D5B-4206-BB96-8B2EBF410091}.Release|x64.Build.0 = Release|x64
		{51AB36E2-3D5B-4206-BB96-8B2EBF410091}.Release|x86.ActiveCfg = Release|Win32
		{51AB36E2-3D5B-4206-BB96-8B2EBF410091}.Release|x86.Build.0 = Release|Win32
		{C2F30B9B-57DB-41EA-861F-FD0A4BCF4FEF}.Debug|x64.ActiveCfg = Debug|x64
		{C2F30B9B-57DB-41EA-861F-FD0A4BCF4FEF}.Debug|x64.Build.0 = Debug|x64
		{C2F30B9B-57DB-41EA-861F-FD0A4BCF4FEF}.Debug|x86.ActiveCfg = Debug|Win32
		{C2F30B9B-57DB-41EA-861F-FD0A4BCF4FEF}.Debug|x86.Build.0 = Debug|Win32
		{C2F30B9B-57DB-41EA-861F-FD0A4BCF4FEF}.Release|x64.ActiveCfg = Release|x64
		{C2F30B9B-57DB-41EA-861F-FD0A4BCF4FEF}.Release|x64.Build.0 = Release|x64
		{C2F30B9B-57DB-41EA-861F-FD0A4BCF4FEF}.Release|x86.ActiveCfg = Release|Win32
		{C2F30B9B-57DB-41EA-861F-FD0A4BCF4FEF}.Release|x86.Build.0 = Release|Win32
		{8DAC318A-C980-45ED-BA31-44622ED38565}.Debug|x64.ActiveCfg = Debug|x64
		{8DAC318A-C980-45ED-BA31-44622ED38565}.Debug|x64.Build.0 = Debug|x64
		{8DAC318A-C980-45ED-BA31-44622ED38565}.Debug|x86.ActiveCfg = Debug|Win32
		{8DAC318A-C980-45ED-BA31-44622ED38565}.Debug|x86.Build.0 = Debug|Win32
		{8DAC318A-C980-45ED-BA31-44622ED38565}.Release|x64.ActiveCfg = Release|x64
		{8DAC318A-C980-45ED-BA31-44622ED38565}.Release|x64.Build.0 = Release|x64
		{8DAC318A-C980-45ED-BA31-44622ED38565}.Release|x86.ActiveCfg = Release|Win32
		{8DAC318A-C980-45ED-BA31-44622ED38565}.Release|x86.Build.0 = Release|Win32
		{043B52D9-71CD-47FD-82F4-0A314EE00736}.Debug|x64.ActiveCfg = Debug|x64
		{043B52D9-71CD-47FD-82F4-0A314EE00736}.Debug|x64.Build.0 = Debug|x64
		{043B52D9-71CD-47FD-82F4-0A314EE00736}.Debug|x86.ActiveCfg = Debug|Win32
		{043B52D9-71CD-47FD-82F4-0A314EE00736}.Debug|x86.Build.0 = Debug|Win32
		{043B52D9-71CD-47FD-82F4-0A314EE00736}.Release|x64.ActiveCfg = Release|x64
		{043B52D9-71CD-47FD-82F4-0A314EE00736}.Release|x64.Build.0 = Release|x64
		{043B52D9-71CD-47FD-82F4-0A314EE00736}.Release|x86.ActiveCfg = Release|Win32
		{043B52D9-71CD-47FD-82F4-0A314EE00736}.Release|x86.Build.0 = Release|Win32
	EndGlobalSection
	GlobalSection(SolutionProperties) = preSolution
		HideSolutionNode = FALSE
	EndGlobalSection
EndGlobal
